
Microsoft Visual Studio Solution File, Format Version 12.00
# Visual Studio 15
VisualStudioVersion = 15.0.27428.2043
MinimumVisualStudioVersion = 10.0.40219.1
Project("{FAE04EC0-301F-11D3-BF4B-00C04F79EFBC}") = "Bank", "Bank\Bank.csproj", "{1E4903E6-A06B-4072-A318-9802B774BF19}"
EndProject
Project("{FAE04EC0-301F-11D3-BF4B-00C04F79EFBC}") = "BankTests", "BankTests\BankTests.csproj", "{D62AF5D7-1F2A-45E0-801B-4215E3FAC832}"
EndProject
Global
	GlobalSection(SolutionConfigurationPlatforms) = preSolution
		Debug|Any CPU = Debug|Any CPU
		Release|Any CPU = Release|Any CPU
	EndGlobalSection
	GlobalSection(ProjectConfigurationPlatforms) = postSolution
		{1E4903E6-A06B-4072-A318-9802B774BF19}.Debug|Any CPU.ActiveCfg = Debug|Any CPU
		{1E4903E6-A06B-4072-A318-9802B774BF19}.Debug|Any CPU.Build.0 = Debug|Any CPU
		{1E4903E6-A06B-4072-A318-9802B774BF19}.Release|Any CPU.ActiveCfg = Release|Any CPU
		{1E4903E6-A06B-4072-A318-9802B774BF19}.Release|Any CPU.Build.0 = Release|Any CPU
		{D62AF5D7-1F2A-45E0-801B-4215E3FAC832}.Debug|Any CPU.ActiveCfg = Debug|Any CPU
		{D62AF5D7-1F2A-45E0-801B-4215E3FAC832}.Debug|Any CPU.Build.0 = Debug|Any CPU
		{D62AF5D7-1F2A-45E0-801B-4215E3FAC832}.Release|Any CPU.ActiveCfg = Release|Any CPU
		{D62AF5D7-1F2A-45E0-801B-4215E3FAC832}.Release|Any CPU.Build.0 = Release|Any CPU
	EndGlobalSection
	GlobalSection(SolutionProperties) = preSolution
		HideSolutionNode = FALSE
	EndGlobalSection
	GlobalSection(ExtensibilityGlobals) = postSolution
		SolutionGuid = {762842D7-D350-4DEB-9343-036140D89FC0}
	EndGlobalSection
EndGlobal
